
Microsoft Visual Studio Solution File, Format Version 12.00
# Visual Studio Version 16
VisualStudioVersion = 16.0.31025.218
MinimumVisualStudioVersion = 10.0.40219.1
Project("{FAE04EC0-301F-11D3-BF4B-00C04F79EFBC}") = "IronMountains", "IronMountains\IronMountains.csproj", "{2D493F5E-2338-4682-AB49-53032F8183DC}"
EndProject
Global
	GlobalSection(SolutionConfigurationPlatforms) = preSolution
		Debug|Any CPU = Debug|Any CPU
		Release|Any CPU = Release|Any CPU
	EndGlobalSection
	GlobalSection(ProjectConfigurationPlatforms) = postSolution
		{2D493F5E-2338-4682-AB49-53032F8183DC}.Debug|Any CPU.ActiveCfg = Debug|Any CPU
		{2D493F5E-2338-4682-AB49-53032F8183DC}.Debug|Any CPU.Build.0 = Debug|Any CPU
		{2D493F5E-2338-4682-AB49-53032F8183DC}.Release|Any CPU.ActiveCfg = Release|Any CPU
		{2D493F5E-2338-4682-AB49-53032F8183DC}.Release|Any CPU.Build.0 = Release|Any CPU
	EndGlobalSection
	GlobalSection(SolutionProperties) = preSolution
		HideSolutionNode = FALSE
	EndGlobalSection
	GlobalSection(ExtensibilityGlobals) = postSolution
		SolutionGuid = {E4DDA317-7277-4CA9-B20C-A4618382E52E}
	EndGlobalSection
EndGlobal
